{
  "object": {
    "pins": [
      {
        "package": "HandySwift",
        "repositoryURL": "https://github.com/FlineDev/HandySwift",
        "state": {
          "branch": null,
          "revision": "5d6a6df5232eff28f9f71048e5745706d02be1f8",
          "version": "3.4.0"
        }
      },
      {
        "package": "RxSwift",
        "repositoryURL": "https://github.com/ReactiveX/RxSwift.git",
        "state": {
          "branch": null,
          "revision": "b4307ba0b6425c0ba4178e138799946c3da594f8",
          "version": "6.5.0"
        }
      }
    ]
  },
  "version": 1
}
